// !$*UTF8*$!
{
	archiveVersion = 1;
	classes = {
	};
	objectVersion = 46;
	objects = {

/* Begin PBXBuildFile section */
		B96002661999277500F2831E /* AppDelegate.m in Sources */ = {isa = PBXBuildFile; fileRef = B960FC061999277100F2831E /* AppDelegate.m */; };
		B96002671999277500F2831E /* Constants.m in Sources */ = {isa = PBXBuildFile; fileRef = B960FC081999277100F2831E /* Constants.m */; };
		B96002681999277500F2831E /* CircleMenuViewController.m in Sources */ = {isa = PBXBuildFile; fileRef = B960FC0B1999277100F2831E /* CircleMenuViewController.m */; };
		B96002691999277500F2831E /* InfoPlist.strings in Resources */ = {isa = PBXBuildFile; fileRef = B960FC0C1999277100F2831E /* InfoPlist.strings */; };
		B960026A1999277500F2831E /* Images.xcassets in Resources */ = {isa = PBXBuildFile; fileRef = B960FC0E1999277100F2831E /* Images.xcassets */; };
		B96006B61999277600F2831E /* main.m in Sources */ = {isa = PBXBuildFile; fileRef = B96002391999277500F2831E /* main.m */; };
		B96006B71999277600F2831E /* PKUnion-Info.plist in Resources */ = {isa = PBXBuildFile; fileRef = B960023B1999277500F2831E /* PKUnion-Info.plist */; };
		B96006B81999277600F2831E /* PKUnion.xcdatamodeld in Sources */ = {isa = PBXBuildFile; fileRef = B960023D1999277500F2831E /* PKUnion.xcdatamodeld */; };
		B96006B91999277600F2831E /* Default-568h.png in Resources */ = {isa = PBXBuildFile; fileRef = B96002401999277500F2831E /* Default-568h.png */; };
		B96006BA1999277600F2831E /* Default-568h@2x.png in Resources */ = {isa = PBXBuildFile; fileRef = B96002411999277500F2831E /* Default-568h@2x.png */; };
		B96006BB1999277600F2831E /* Default-Landscape@2x~ipad.png in Resources */ = {isa = PBXBuildFile; fileRef = B96002421999277500F2831E /* Default-Landscape@2x~ipad.png */; };
		B96006BC1999277600F2831E /* Default-Landscape~ipad.png in Resources */ = {isa = PBXBuildFile; fileRef = B96002431999277500F2831E /* Default-Landscape~ipad.png */; };
		B96006BD1999277600F2831E /* Default-Portrait@2x~ipad.png in Resources */ = {isa = PBXBuildFile; fileRef = B96002441999277500F2831E /* Default-Portrait@2x~ipad.png */; };
		B96006BE1999277600F2831E /* Default-Portrait~ipad.png in Resources */ = {isa = PBXBuildFile; fileRef = B96002451999277500F2831E /* Default-Portrait~ipad.png */; };
		B96006BF1999277600F2831E /* Default.png in Resources */ = {isa = PBXBuildFile; fileRef = B96002461999277500F2831E /* Default.png */; };
		B96006C01999277600F2831E /* Default@2x.png in Resources */ = {isa = PBXBuildFile; fileRef = B96002471999277500F2831E /* Default@2x.png */; };
		B96006C11999277600F2831E /* Icon-72.png in Resources */ = {isa = PBXBuildFile; fileRef = B96002481999277500F2831E /* Icon-72.png */; };
		B96006C21999277600F2831E /* Icon-72@2x.png in Resources */ = {isa = PBXBuildFile; fileRef = B96002491999277500F2831E /* Icon-72@2x.png */; };
		B96006C31999277600F2831E /* Icon-Small-50.png in Resources */ = {isa = PBXBuildFile; fileRef = B960024A1999277500F2831E /* Icon-Small-50.png */; };
		B96006C41999277600F2831E /* Icon-Small-50@2x.png in Resources */ = {isa = PBXBuildFile; fileRef = B960024B1999277500F2831E /* Icon-Small-50@2x.png */; };
		B96006C51999277600F2831E /* Icon-Small.png in Resources */ = {isa = PBXBuildFile; fileRef = B960024C1999277500F2831E /* Icon-Small.png */; };
		B96006C61999277600F2831E /* Icon-Small@2x.png in Resources */ = {isa = PBXBuildFile; fileRef = B960024D1999277500F2831E /* Icon-Small@2x.png */; };
		B96006C71999277600F2831E /* Icon.png in Resources */ = {isa = PBXBuildFile; fileRef = B960024E1999277500F2831E /* Icon.png */; };
		B96006C81999277600F2831E /* Icon@2x.png in Resources */ = {isa = PBXBuildFile; fileRef = B960024F1999277500F2831E /* Icon@2x.png */; };
		B96006C91999277600F2831E /* KYICircleMenuButton01.png in Resources */ = {isa = PBXBuildFile; fileRef = B96002511999277500F2831E /* KYICircleMenuButton01.png */; };
		B96006CA1999277600F2831E /* KYICircleMenuButton01@2x.png in Resources */ = {isa = PBXBuildFile; fileRef = B96002521999277500F2831E /* KYICircleMenuButton01@2x.png */; };
		B96006CB1999277600F2831E /* KYICircleMenuButton02.png in Resources */ = {isa = PBXBuildFile; fileRef = B96002531999277500F2831E /* KYICircleMenuButton02.png */; };
		B96006CC1999277600F2831E /* KYICircleMenuButton02@2x.png in Resources */ = {isa = PBXBuildFile; fileRef = B96002541999277500F2831E /* KYICircleMenuButton02@2x.png */; };
		B96006CD1999277600F2831E /* KYICircleMenuButton03.png in Resources */ = {isa = PBXBuildFile; fileRef = B96002551999277500F2831E /* KYICircleMenuButton03.png */; };
		B96006CE1999277600F2831E /* KYICircleMenuButton03@2x.png in Resources */ = {isa = PBXBuildFile; fileRef = B96002561999277500F2831E /* KYICircleMenuButton03@2x.png */; };
		B96006CF1999277600F2831E /* KYICircleMenuButton04.png in Resources */ = {isa = PBXBuildFile; fileRef = B96002571999277500F2831E /* KYICircleMenuButton04.png */; };
		B96006D01999277600F2831E /* KYICircleMenuButton04@2x.png in Resources */ = {isa = PBXBuildFile; fileRef = B96002581999277500F2831E /* KYICircleMenuButton04@2x.png */; };
		B96006D11999277600F2831E /* KYICircleMenuButton05.png in Resources */ = {isa = PBXBuildFile; fileRef = B96002591999277500F2831E /* KYICircleMenuButton05.png */; };
		B96006D21999277600F2831E /* KYICircleMenuButton05@2x.png in Resources */ = {isa = PBXBuildFile; fileRef = B960025A1999277500F2831E /* KYICircleMenuButton05@2x.png */; };
		B96006D31999277600F2831E /* KYICircleMenuButton06.png in Resources */ = {isa = PBXBuildFile; fileRef = B960025B1999277500F2831E /* KYICircleMenuButton06.png */; };
		B96006D41999277600F2831E /* KYICircleMenuButton06@2x.png in Resources */ = {isa = PBXBuildFile; fileRef = B960025C1999277500F2831E /* KYICircleMenuButton06@2x.png */; };
		B96006D51999277600F2831E /* KYICircleMenuCenterButton.png in Resources */ = {isa = PBXBuildFile; fileRef = B960025D1999277500F2831E /* KYICircleMenuCenterButton.png */; };
		B96006D61999277600F2831E /* KYICircleMenuCenterButton@2x.png in Resources */ = {isa = PBXBuildFile; fileRef = B960025E1999277500F2831E /* KYICircleMenuCenterButton@2x.png */; };
		B96006D71999277600F2831E /* KYICircleMenuCenterButtonBackground.png in Resources */ = {isa = PBXBuildFile; fileRef = B960025F1999277500F2831E /* KYICircleMenuCenterButtonBackground.png */; };
		B96006D81999277600F2831E /* KYICircleMenuCenterButtonBackground@2x.png in Resources */ = {isa = PBXBuildFile; fileRef = B96002601999277500F2831E /* KYICircleMenuCenterButtonBackground@2x.png */; };
		B96006D91999277600F2831E /* iTunesArtwork in Resources */ = {isa = PBXBuildFile; fileRef = B96002611999277500F2831E /* iTunesArtwork */; };
		B96006DA1999277600F2831E /* iTunesArtwork@2x in Resources */ = {isa = PBXBuildFile; fileRef = B96002621999277500F2831E /* iTunesArtwork@2x */; };
		B96006DB1999277600F2831E /* KYCircleMenu.m in Sources */ = {isa = PBXBuildFile; fileRef = B96002651999277500F2831E /* KYCircleMenu.m */; };
		B960FBCF1999274A00F2831E /* Foundation.framework in Frameworks */ = {isa = PBXBuildFile; fileRef = B960FBCE1999274A00F2831E /* Foundation.framework */; };
		B960FBD11999274A00F2831E /* CoreGraphics.framework in Frameworks */ = {isa = PBXBuildFile; fileRef = B960FBD01999274A00F2831E /* CoreGraphics.framework */; };
		B960FBD31999274A00F2831E /* UIKit.framework in Frameworks */ = {isa = PBXBuildFile; fileRef = B960FBD21999274A00F2831E /* UIKit.framework */; };
		B960FBD51999274A00F2831E /* CoreData.framework in Frameworks */ = {isa = PBXBuildFile; fileRef = B960FBD41999274A00F2831E /* CoreData.framework */; };
		B960FBED1999274A00F2831E /* XCTest.framework in Frameworks */ = {isa = PBXBuildFile; fileRef = B960FBEC1999274A00F2831E /* XCTest.framework */; };
		B960FBEE1999274A00F2831E /* Foundation.framework in Frameworks */ = {isa = PBXBuildFile; fileRef = B960FBCE1999274A00F2831E /* Foundation.framework */; };
		B960FBEF1999274A00F2831E /* UIKit.framework in Frameworks */ = {isa = PBXBuildFile; fileRef = B960FBD21999274A00F2831E /* UIKit.framework */; };
		B960FBF01999274A00F2831E /* CoreData.framework in Frameworks */ = {isa = PBXBuildFile; fileRef = B960FBD41999274A00F2831E /* CoreData.framework */; };
		B960FBF81999274A00F2831E /* InfoPlist.strings in Resources */ = {isa = PBXBuildFile; fileRef = B960FBF61999274A00F2831E /* InfoPlist.strings */; };
		B960FBFA1999274A00F2831E /* PKUnionTests.m in Sources */ = {isa = PBXBuildFile; fileRef = B960FBF91999274A00F2831E /* PKUnionTests.m */; };
/* End PBXBuildFile section */

/* Begin PBXContainerItemProxy section */
		B960FBF11999274A00F2831E /* PBXContainerItemProxy */ = {
			isa = PBXContainerItemProxy;
			containerPortal = B960FBC31999274A00F2831E /* Project object */;
			proxyType = 1;
			remoteGlobalIDString = B960FBCA1999274A00F2831E;
			remoteInfo = PKUnion;
		};
/* End PBXContainerItemProxy section */

/* Begin PBXFileReference section */
		B96002391999277500F2831E /* main.m */ = {isa = PBXFileReference; fileEncoding = 4; lastKnownFileType = sourcecode.c.objc; path = main.m; sourceTree = "<group>"; };
		B960023B1999277500F2831E /* PKUnion-Info.plist */ = {isa = PBXFileReference; fileEncoding = 4; lastKnownFileType = text.plist.xml; path = "PKUnion-Info.plist"; sourceTree = "<group>"; };
		B960023C1999277500F2831E /* PKUnion-Prefix.pch */ = {isa = PBXFileReference; fileEncoding = 4; lastKnownFileType = sourcecode.c.h; path = "PKUnion-Prefix.pch"; sourceTree = "<group>"; };
		B960023E1999277500F2831E /* PKUnion.xcdatamodel */ = {isa = PBXFileReference; lastKnownFileType = wrapper.xcdatamodel; path = PKUnion.xcdatamodel; sourceTree = "<group>"; };
		B96002401999277500F2831E /* Default-568h.png */ = {isa = PBXFileReference; lastKnownFileType = image.png; path = "Default-568h.png"; sourceTree = "<group>"; };
		B96002411999277500F2831E /* Default-568h@2x.png */ = {isa = PBXFileReference; lastKnownFileType = image.png; path = "Default-568h@2x.png"; sourceTree = "<group>"; };
		B96002421999277500F2831E /* Default-Landscape@2x~ipad.png */ = {isa = PBXFileReference; lastKnownFileType = image.png; path = "Default-Landscape@2x~ipad.png"; sourceTree = "<group>"; };
		B96002431999277500F2831E /* Default-Landscape~ipad.png */ = {isa = PBXFileReference; lastKnownFileType = image.png; path = "Default-Landscape~ipad.png"; sourceTree = "<group>"; };
		B96002441999277500F2831E /* Default-Portrait@2x~ipad.png */ = {isa = PBXFileReference; lastKnownFileType = image.png; path = "Default-Portrait@2x~ipad.png"; sourceTree = "<group>"; };
		B96002451999277500F2831E /* Default-Portrait~ipad.png */ = {isa = PBXFileReference; lastKnownFileType = image.png; path = "Default-Portrait~ipad.png"; sourceTree = "<group>"; };
		B96002461999277500F2831E /* Default.png */ = {isa = PBXFileReference; lastKnownFileType = image.png; path = Default.png; sourceTree = "<group>"; };
		B96002471999277500F2831E /* Default@2x.png */ = {isa = PBXFileReference; lastKnownFileType = image.png; path = "Default@2x.png"; sourceTree = "<group>"; };
		B96002481999277500F2831E /* Icon-72.png */ = {isa = PBXFileReference; lastKnownFileType = image.png; path = "Icon-72.png"; sourceTree = "<group>"; };
		B96002491999277500F2831E /* Icon-72@2x.png */ = {isa = PBXFileReference; lastKnownFileType = image.png; path = "Icon-72@2x.png"; sourceTree = "<group>"; };
		B960024A1999277500F2831E /* Icon-Small-50.png */ = {isa = PBXFileReference; lastKnownFileType = image.png; path = "Icon-Small-50.png"; sourceTree = "<group>"; };
		B960024B1999277500F2831E /* Icon-Small-50@2x.png */ = {isa = PBXFileReference; lastKnownFileType = image.png; path = "Icon-Small-50@2x.png"; sourceTree = "<group>"; };
		B960024C1999277500F2831E /* Icon-Small.png */ = {isa = PBXFileReference; lastKnownFileType = image.png; path = "Icon-Small.png"; sourceTree = "<group>"; };
		B960024D1999277500F2831E /* Icon-Small@2x.png */ = {isa = PBXFileReference; lastKnownFileType = image.png; path = "Icon-Small@2x.png"; sourceTree = "<group>"; };
		B960024E1999277500F2831E /* Icon.png */ = {isa = PBXFileReference; lastKnownFileType = image.png; path = Icon.png; sourceTree = "<group>"; };
		B960024F1999277500F2831E /* Icon@2x.png */ = {isa = PBXFileReference; lastKnownFileType = image.png; path = "Icon@2x.png"; sourceTree = "<group>"; };
		B96002511999277500F2831E /* KYICircleMenuButton01.png */ = {isa = PBXFileReference; lastKnownFileType = image.png; path = KYICircleMenuButton01.png; sourceTree = "<group>"; };
		B96002521999277500F2831E /* KYICircleMenuButton01@2x.png */ = {isa = PBXFileReference; lastKnownFileType = image.png; path = "KYICircleMenuButton01@2x.png"; sourceTree = "<group>"; };
		B96002531999277500F2831E /* KYICircleMenuButton02.png */ = {isa = PBXFileReference; lastKnownFileType = image.png; path = KYICircleMenuButton02.png; sourceTree = "<group>"; };
		B96002541999277500F2831E /* KYICircleMenuButton02@2x.png */ = {isa = PBXFileReference; lastKnownFileType = image.png; path = "KYICircleMenuButton02@2x.png"; sourceTree = "<group>"; };
		B96002551999277500F2831E /* KYICircleMenuButton03.png */ = {isa = PBXFileReference; lastKnownFileType = image.png; path = KYICircleMenuButton03.png; sourceTree = "<group>"; };
		B96002561999277500F2831E /* KYICircleMenuButton03@2x.png */ = {isa = PBXFileReference; lastKnownFileType = image.png; path = "KYICircleMenuButton03@2x.png"; sourceTree = "<group>"; };
		B96002571999277500F2831E /* KYICircleMenuButton04.png */ = {isa = PBXFileReference; lastKnownFileType = image.png; path = KYICircleMenuButton04.png; sourceTree = "<group>"; };
		B96002581999277500F2831E /* KYICircleMenuButton04@2x.png */ = {isa = PBXFileReference; lastKnownFileType = image.png; path = "KYICircleMenuButton04@2x.png"; sourceTree = "<group>"; };
		B96002591999277500F2831E /* KYICircleMenuButton05.png */ = {isa = PBXFileReference; lastKnownFileType = image.png; path = KYICircleMenuButton05.png; sourceTree = "<group>"; };
		B960025A1999277500F2831E /* KYICircleMenuButton05@2x.png */ = {isa = PBXFileReference; lastKnownFileType = image.png; path = "KYICircleMenuButton05@2x.png"; sourceTree = "<group>"; };
		B960025B1999277500F2831E /* KYICircleMenuButton06.png */ = {isa = PBXFileReference; lastKnownFileType = image.png; path = KYICircleMenuButton06.png; sourceTree = "<group>"; };
		B960025C1999277500F2831E /* KYICircleMenuButton06@2x.png */ = {isa = PBXFileReference; lastKnownFileType = image.png; path = "KYICircleMenuButton06@2x.png"; sourceTree = "<group>"; };
		B960025D1999277500F2831E /* KYICircleMenuCenterButton.png */ = {isa = PBXFileReference; lastKnownFileType = image.png; path = KYICircleMenuCenterButton.png; sourceTree = "<group>"; };
		B960025E1999277500F2831E /* KYICircleMenuCenterButton@2x.png */ = {isa = PBXFileReference; lastKnownFileType = image.png; path = "KYICircleMenuCenterButton@2x.png"; sourceTree = "<group>"; };
		B960025F1999277500F2831E /* KYICircleMenuCenterButtonBackground.png */ = {isa = PBXFileReference; lastKnownFileType = image.png; path = KYICircleMenuCenterButtonBackground.png; sourceTree = "<group>"; };
		B96002601999277500F2831E /* KYICircleMenuCenterButtonBackground@2x.png */ = {isa = PBXFileReference; lastKnownFileType = image.png; path = "KYICircleMenuCenterButtonBackground@2x.png"; sourceTree = "<group>"; };
		B96002611999277500F2831E /* iTunesArtwork */ = {isa = PBXFileReference; lastKnownFileType = file; path = iTunesArtwork; sourceTree = "<group>"; };
		B96002621999277500F2831E /* iTunesArtwork@2x */ = {isa = PBXFileReference; lastKnownFileType = file; path = "iTunesArtwork@2x"; sourceTree = "<group>"; };
		B96002641999277500F2831E /* KYCircleMenu.h */ = {isa = PBXFileReference; fileEncoding = 4; lastKnownFileType = sourcecode.c.h; path = KYCircleMenu.h; sourceTree = "<group>"; };
		B96002651999277500F2831E /* KYCircleMenu.m */ = {isa = PBXFileReference; fileEncoding = 4; lastKnownFileType = sourcecode.c.objc; path = KYCircleMenu.m; sourceTree = "<group>"; };
		B960FBCB1999274A00F2831E /* PKUnion.app */ = {isa = PBXFileReference; explicitFileType = wrapper.application; includeInIndex = 0; path = PKUnion.app; sourceTree = BUILT_PRODUCTS_DIR; };
		B960FBCE1999274A00F2831E /* Foundation.framework */ = {isa = PBXFileReference; lastKnownFileType = wrapper.framework; name = Foundation.framework; path = System/Library/Frameworks/Foundation.framework; sourceTree = SDKROOT; };
		B960FBD01999274A00F2831E /* CoreGraphics.framework */ = {isa = PBXFileReference; lastKnownFileType = wrapper.framework; name = CoreGraphics.framework; path = System/Library/Frameworks/CoreGraphics.framework; sourceTree = SDKROOT; };
		B960FBD21999274A00F2831E /* UIKit.framework */ = {isa = PBXFileReference; lastKnownFileType = wrapper.framework; name = UIKit.framework; path = System/Library/Frameworks/UIKit.framework; sourceTree = SDKROOT; };
		B960FBD41999274A00F2831E /* CoreData.framework */ = {isa = PBXFileReference; lastKnownFileType = wrapper.framework; name = CoreData.framework; path = System/Library/Frameworks/CoreData.framework; sourceTree = SDKROOT; };
		B960FBEB1999274A00F2831E /* PKUnionTests.xctest */ = {isa = PBXFileReference; explicitFileType = wrapper.cfbundle; includeInIndex = 0; path = PKUnionTests.xctest; sourceTree = BUILT_PRODUCTS_DIR; };
		B960FBEC1999274A00F2831E /* XCTest.framework */ = {isa = PBXFileReference; lastKnownFileType = wrapper.framework; name = XCTest.framework; path = Library/Frameworks/XCTest.framework; sourceTree = DEVELOPER_DIR; };
		B960FBF51999274A00F2831E /* PKUnionTests-Info.plist */ = {isa = PBXFileReference; lastKnownFileType = text.plist.xml; path = "PKUnionTests-Info.plist"; sourceTree = "<group>"; };
		B960FBF71999274A00F2831E /* en */ = {isa = PBXFileReference; lastKnownFileType = text.plist.strings; name = en; path = en.lproj/InfoPlist.strings; sourceTree = "<group>"; };
		B960FBF91999274A00F2831E /* PKUnionTests.m */ = {isa = PBXFileReference; lastKnownFileType = sourcecode.c.objc; path = PKUnionTests.m; sourceTree = "<group>"; };
		B960FC051999277100F2831E /* AppDelegate.h */ = {isa = PBXFileReference; fileEncoding = 4; lastKnownFileType = sourcecode.c.h; path = AppDelegate.h; sourceTree = "<group>"; };
		B960FC061999277100F2831E /* AppDelegate.m */ = {isa = PBXFileReference; fileEncoding = 4; lastKnownFileType = sourcecode.c.objc; path = AppDelegate.m; sourceTree = "<group>"; };
		B960FC071999277100F2831E /* Constants.h */ = {isa = PBXFileReference; fileEncoding = 4; lastKnownFileType = sourcecode.c.h; path = Constants.h; sourceTree = "<group>"; };
		B960FC081999277100F2831E /* Constants.m */ = {isa = PBXFileReference; fileEncoding = 4; lastKnownFileType = sourcecode.c.objc; path = Constants.m; sourceTree = "<group>"; };
		B960FC0A1999277100F2831E /* CircleMenuViewController.h */ = {isa = PBXFileReference; fileEncoding = 4; lastKnownFileType = sourcecode.c.h; path = CircleMenuViewController.h; sourceTree = "<group>"; };
		B960FC0B1999277100F2831E /* CircleMenuViewController.m */ = {isa = PBXFileReference; fileEncoding = 4; lastKnownFileType = sourcecode.c.objc; path = CircleMenuViewController.m; sourceTree = "<group>"; };
		B960FC0D1999277100F2831E /* en */ = {isa = PBXFileReference; lastKnownFileType = text.plist.strings; name = en; path = en.lproj/InfoPlist.strings; sourceTree = "<group>"; };
		B960FC0E1999277100F2831E /* Images.xcassets */ = {isa = PBXFileReference; lastKnownFileType = folder.assetcatalog; path = Images.xcassets; sourceTree = "<group>"; };
/* End PBXFileReference section */

/* Begin PBXFrameworksBuildPhase section */
		B960FBC81999274A00F2831E /* Frameworks */ = {
			isa = PBXFrameworksBuildPhase;
			buildActionMask = 2147483647;
			files = (
				B960FBD11999274A00F2831E /* CoreGraphics.framework in Frameworks */,
				B960FBD51999274A00F2831E /* CoreData.framework in Frameworks */,
				B960FBD31999274A00F2831E /* UIKit.framework in Frameworks */,
				B960FBCF1999274A00F2831E /* Foundation.framework in Frameworks */,
			);
			runOnlyForDeploymentPostprocessing = 0;
		};
		B960FBE81999274A00F2831E /* Frameworks */ = {
			isa = PBXFrameworksBuildPhase;
			buildActionMask = 2147483647;
			files = (
				B960FBED1999274A00F2831E /* XCTest.framework in Frameworks */,
				B960FBF01999274A00F2831E /* CoreData.framework in Frameworks */,
				B960FBEF1999274A00F2831E /* UIKit.framework in Frameworks */,
				B960FBEE1999274A00F2831E /* Foundation.framework in Frameworks */,
			);
			runOnlyForDeploymentPostprocessing = 0;
		};
/* End PBXFrameworksBuildPhase section */

/* Begin PBXGroup section */
		B960023A1999277500F2831E /* Models */ = {
			isa = PBXGroup;
			children = (
			);
			path = Models;
			sourceTree = "<group>";
		};
		B960023F1999277500F2831E /* Resources */ = {
			isa = PBXGroup;
			children = (
				B96002401999277500F2831E /* Default-568h.png */,
				B96002411999277500F2831E /* Default-568h@2x.png */,
				B96002421999277500F2831E /* Default-Landscape@2x~ipad.png */,
				B96002431999277500F2831E /* Default-Landscape~ipad.png */,
				B96002441999277500F2831E /* Default-Portrait@2x~ipad.png */,
				B96002451999277500F2831E /* Default-Portrait~ipad.png */,
				B96002461999277500F2831E /* Default.png */,
				B96002471999277500F2831E /* Default@2x.png */,
				B96002481999277500F2831E /* Icon-72.png */,
				B96002491999277500F2831E /* Icon-72@2x.png */,
				B960024A1999277500F2831E /* Icon-Small-50.png */,
				B960024B1999277500F2831E /* Icon-Small-50@2x.png */,
				B960024C1999277500F2831E /* Icon-Small.png */,
				B960024D1999277500F2831E /* Icon-Small@2x.png */,
				B960024E1999277500F2831E /* Icon.png */,
				B960024F1999277500F2831E /* Icon@2x.png */,
				B96002501999277500F2831E /* Images */,
				B96002611999277500F2831E /* iTunesArtwork */,
				B96002621999277500F2831E /* iTunesArtwork@2x */,
			);
			path = Resources;
			sourceTree = "<group>";
		};
		B96002501999277500F2831E /* Images */ = {
			isa = PBXGroup;
			children = (
				B96002511999277500F2831E /* KYICircleMenuButton01.png */,
				B96002521999277500F2831E /* KYICircleMenuButton01@2x.png */,
				B96002531999277500F2831E /* KYICircleMenuButton02.png */,
				B96002541999277500F2831E /* KYICircleMenuButton02@2x.png */,
				B96002551999277500F2831E /* KYICircleMenuButton03.png */,
				B96002561999277500F2831E /* KYICircleMenuButton03@2x.png */,
				B96002571999277500F2831E /* KYICircleMenuButton04.png */,
				B96002581999277500F2831E /* KYICircleMenuButton04@2x.png */,
				B96002591999277500F2831E /* KYICircleMenuButton05.png */,
				B960025A1999277500F2831E /* KYICircleMenuButton05@2x.png */,
				B960025B1999277500F2831E /* KYICircleMenuButton06.png */,
				B960025C1999277500F2831E /* KYICircleMenuButton06@2x.png */,
				B960025D1999277500F2831E /* KYICircleMenuCenterButton.png */,
				B960025E1999277500F2831E /* KYICircleMenuCenterButton@2x.png */,
				B960025F1999277500F2831E /* KYICircleMenuCenterButtonBackground.png */,
				B96002601999277500F2831E /* KYICircleMenuCenterButtonBackground@2x.png */,
			);
			path = Images;
			sourceTree = "<group>";
		};
		B96002631999277500F2831E /* Views */ = {
			isa = PBXGroup;
			children = (
				B96002641999277500F2831E /* KYCircleMenu.h */,
				B96002651999277500F2831E /* KYCircleMenu.m */,
			);
			path = Views;
			sourceTree = "<group>";
		};
		B9600719199927D500F2831E /* Supporting Files */ = {
			isa = PBXGroup;
			children = (
				B960023B1999277500F2831E /* PKUnion-Info.plist */,
				B960023C1999277500F2831E /* PKUnion-Prefix.pch */,
				B960FC0C1999277100F2831E /* InfoPlist.strings */,
				B96002391999277500F2831E /* main.m */,
			);
			name = "Supporting Files";
			sourceTree = "<group>";
		};
		B960FBC21999274A00F2831E = {
			isa = PBXGroup;
			children = (
				B960FC041999277100F2831E /* PKUnion */,
				B960FBF31999274A00F2831E /* PKUnionTests */,
				B960FBCD1999274A00F2831E /* Frameworks */,
				B960FBCC1999274A00F2831E /* Products */,
			);
			sourceTree = "<group>";
		};
		B960FBCC1999274A00F2831E /* Products */ = {
			isa = PBXGroup;
			children = (
				B960FBCB1999274A00F2831E /* PKUnion.app */,
				B960FBEB1999274A00F2831E /* PKUnionTests.xctest */,
			);
			name = Products;
			sourceTree = "<group>";
		};
		B960FBCD1999274A00F2831E /* Frameworks */ = {
			isa = PBXGroup;
			children = (
				B960FBCE1999274A00F2831E /* Foundation.framework */,
				B960FBD01999274A00F2831E /* CoreGraphics.framework */,
				B960FBD21999274A00F2831E /* UIKit.framework */,
				B960FBD41999274A00F2831E /* CoreData.framework */,
				B960FBEC1999274A00F2831E /* XCTest.framework */,
			);
			name = Frameworks;
			sourceTree = "<group>";
		};
		B960FBF31999274A00F2831E /* PKUnionTests */ = {
			isa = PBXGroup;
			children = (
				B960FBF91999274A00F2831E /* PKUnionTests.m */,
				B960FBF41999274A00F2831E /* Supporting Files */,
			);
			path = PKUnionTests;
			sourceTree = "<group>";
		};
		B960FBF41999274A00F2831E /* Supporting Files */ = {
			isa = PBXGroup;
			children = (
				B960FBF51999274A00F2831E /* PKUnionTests-Info.plist */,
				B960FBF61999274A00F2831E /* InfoPlist.strings */,
			);
			name = "Supporting Files";
			sourceTree = "<group>";
		};
		B960FC041999277100F2831E /* PKUnion */ = {
			isa = PBXGroup;
			children = (
				B960FC051999277100F2831E /* AppDelegate.h */,
				B960FC061999277100F2831E /* AppDelegate.m */,
				B960FC071999277100F2831E /* Constants.h */,
				B960FC081999277100F2831E /* Constants.m */,
				B960023D1999277500F2831E /* PKUnion.xcdatamodeld */,
				B960FC0E1999277100F2831E /* Images.xcassets */,
				B960FC0F1999277100F2831E /* Libs */,
				B960FC091999277100F2831E /* Controllers */,
				B960023F1999277500F2831E /* Resources */,
				B960023A1999277500F2831E /* Models */,
				B96002631999277500F2831E /* Views */,
				B9600719199927D500F2831E /* Supporting Files */,
			);
			path = PKUnion;
			sourceTree = "<group>";
		};
		B960FC091999277100F2831E /* Controllers */ = {
			isa = PBXGroup;
			children = (
				B960FC0A1999277100F2831E /* CircleMenuViewController.h */,
				B960FC0B1999277100F2831E /* CircleMenuViewController.m */,
			);
			path = Controllers;
			sourceTree = "<group>";
		};
		B960FC0F1999277100F2831E /* Libs */ = {
			isa = PBXGroup;
			children = (
			);
			path = Libs;
			sourceTree = "<group>";
		};
/* End PBXGroup section */

/* Begin PBXNativeTarget section */
		B960FBCA1999274A00F2831E /* PKUnion */ = {
			isa = PBXNativeTarget;
			buildConfigurationList = B960FBFD1999274A00F2831E /* Build configuration list for PBXNativeTarget "PKUnion" */;
			buildPhases = (
				B960FBC71999274A00F2831E /* Sources */,
				B960FBC81999274A00F2831E /* Frameworks */,
				B960FBC91999274A00F2831E /* Resources */,
			);
			buildRules = (
			);
			dependencies = (
			);
			name = PKUnion;
			productName = PKUnion;
			productReference = B960FBCB1999274A00F2831E /* PKUnion.app */;
			productType = "com.apple.product-type.application";
		};
		B960FBEA1999274A00F2831E /* PKUnionTests */ = {
			isa = PBXNativeTarget;
			buildConfigurationList = B960FC001999274A00F2831E /* Build configuration list for PBXNativeTarget "PKUnionTests" */;
			buildPhases = (
				B960FBE71999274A00F2831E /* Sources */,
				B960FBE81999274A00F2831E /* Frameworks */,
				B960FBE91999274A00F2831E /* Resources */,
			);
			buildRules = (
			);
			dependencies = (
				B960FBF21999274A00F2831E /* PBXTargetDependency */,
			);
			name = PKUnionTests;
			productName = PKUnionTests;
			productReference = B960FBEB1999274A00F2831E /* PKUnionTests.xctest */;
			productType = "com.apple.product-type.bundle.unit-test";
		};
/* End PBXNativeTarget section */

/* Begin PBXProject section */
		B960FBC31999274A00F2831E /* Project object */ = {
			isa = PBXProject;
			attributes = {
				LastUpgradeCheck = 0510;
				ORGANIZATIONNAME = "PKUnion Team";
				TargetAttributes = {
					B960FBEA1999274A00F2831E = {
						TestTargetID = B960FBCA1999274A00F2831E;
					};
				};
			};
			buildConfigurationList = B960FBC61999274A00F2831E /* Build configuration list for PBXProject "PKUnion" */;
			compatibilityVersion = "Xcode 3.2";
			developmentRegion = English;
			hasScannedForEncodings = 0;
			knownRegions = (
				en,
				English,
			);
			mainGroup = B960FBC21999274A00F2831E;
			productRefGroup = B960FBCC1999274A00F2831E /* Products */;
			projectDirPath = "";
			projectRoot = "";
			targets = (
				B960FBCA1999274A00F2831E /* PKUnion */,
				B960FBEA1999274A00F2831E /* PKUnionTests */,
			);
		};
/* End PBXProject section */

/* Begin PBXResourcesBuildPhase section */
		B960FBC91999274A00F2831E /* Resources */ = {
			isa = PBXResourcesBuildPhase;
			buildActionMask = 2147483647;
			files = (
				B96006BD1999277600F2831E /* Default-Portrait@2x~ipad.png in Resources */,
				B96006C61999277600F2831E /* Icon-Small@2x.png in Resources */,
				B96006C11999277600F2831E /* Icon-72.png in Resources */,
				B96006D31999277600F2831E /* KYICircleMenuButton06.png in Resources */,
				B96006D71999277600F2831E /* KYICircleMenuCenterButtonBackground.png in Resources */,
				B96006BF1999277600F2831E /* Default.png in Resources */,
				B96006B91999277600F2831E /* Default-568h.png in Resources */,
				B96006D91999277600F2831E /* iTunesArtwork in Resources */,
				B96006B71999277600F2831E /* PKUnion-Info.plist in Resources */,
				B96006C71999277600F2831E /* Icon.png in Resources */,
				B96006D01999277600F2831E /* KYICircleMenuButton04@2x.png in Resources */,
				B96006BE1999277600F2831E /* Default-Portrait~ipad.png in Resources */,
				B96006C81999277600F2831E /* Icon@2x.png in Resources */,
				B96006D41999277600F2831E /* KYICircleMenuButton06@2x.png in Resources */,
				B96006CD1999277600F2831E /* KYICircleMenuButton03.png in Resources */,
				B96006C51999277600F2831E /* Icon-Small.png in Resources */,
				B96006CF1999277600F2831E /* KYICircleMenuButton04.png in Resources */,
				B96006C41999277600F2831E /* Icon-Small-50@2x.png in Resources */,
				B96006C91999277600F2831E /* KYICircleMenuButton01.png in Resources */,
				B96006CB1999277600F2831E /* KYICircleMenuButton02.png in Resources */,
				B96006D81999277600F2831E /* KYICircleMenuCenterButtonBackground@2x.png in Resources */,
				B96006CA1999277600F2831E /* KYICircleMenuButton01@2x.png in Resources */,
				B96006D11999277600F2831E /* KYICircleMenuButton05.png in Resources */,
				B96006D51999277600F2831E /* KYICircleMenuCenterButton.png in Resources */,
				B96002691999277500F2831E /* InfoPlist.strings in Resources */,
				B96006D61999277600F2831E /* KYICircleMenuCenterButton@2x.png in Resources */,
				B960026A1999277500F2831E /* Images.xcassets in Resources */,
				B96006BB1999277600F2831E /* Default-Landscape@2x~ipad.png in Resources */,
				B96006C21999277600F2831E /* Icon-72@2x.png in Resources */,
				B96006CE1999277600F2831E /* KYICircleMenuButton03@2x.png in Resources */,
				B96006CC1999277600F2831E /* KYICircleMenuButton02@2x.png in Resources */,
				B96006D21999277600F2831E /* KYICircleMenuButton05@2x.png in Resources */,
				B96006BC1999277600F2831E /* Default-Landscape~ipad.png in Resources */,
				B96006DA1999277600F2831E /* iTunesArtwork@2x in Resources */,
				B96006C01999277600F2831E /* Default@2x.png in Resources */,
				B96006C31999277600F2831E /* Icon-Small-50.png in Resources */,
				B96006BA1999277600F2831E /* Default-568h@2x.png in Resources */,
			);
			runOnlyForDeploymentPostprocessing = 0;
		};
		B960FBE91999274A00F2831E /* Resources */ = {
			isa = PBXResourcesBuildPhase;
			buildActionMask = 2147483647;
			files = (
				B960FBF81999274A00F2831E /* InfoPlist.strings in Resources */,
			);
			runOnlyForDeploymentPostprocessing = 0;
		};
/* End PBXResourcesBuildPhase section */

/* Begin PBXSourcesBuildPhase section */
		B960FBC71999274A00F2831E /* Sources */ = {
			isa = PBXSourcesBuildPhase;
			buildActionMask = 2147483647;
			files = (
				B96002661999277500F2831E /* AppDelegate.m in Sources */,
				B96006B61999277600F2831E /* main.m in Sources */,
				B96002671999277500F2831E /* Constants.m in Sources */,
				B96006DB1999277600F2831E /* KYCircleMenu.m in Sources */,
				B96006B81999277600F2831E /* PKUnion.xcdatamodeld in Sources */,
				B96002681999277500F2831E /* CircleMenuViewController.m in Sources */,
			);
			runOnlyForDeploymentPostprocessing = 0;
		};
		B960FBE71999274A00F2831E /* Sources */ = {
			isa = PBXSourcesBuildPhase;
			buildActionMask = 2147483647;
			files = (
				B960FBFA1999274A00F2831E /* PKUnionTests.m in Sources */,
			);
			runOnlyForDeploymentPostprocessing = 0;
		};
/* End PBXSourcesBuildPhase section */

/* Begin PBXTargetDependency section */
		B960FBF21999274A00F2831E /* PBXTargetDependency */ = {
			isa = PBXTargetDependency;
			target = B960FBCA1999274A00F2831E /* PKUnion */;
			targetProxy = B960FBF11999274A00F2831E /* PBXContainerItemProxy */;
		};
/* End PBXTargetDependency section */

/* Begin PBXVariantGroup section */
		B960FBF61999274A00F2831E /* InfoPlist.strings */ = {
			isa = PBXVariantGroup;
			children = (
				B960FBF71999274A00F2831E /* en */,
			);
			name = InfoPlist.strings;
			sourceTree = "<group>";
		};
		B960FC0C1999277100F2831E /* InfoPlist.strings */ = {
			isa = PBXVariantGroup;
			children = (
				B960FC0D1999277100F2831E /* en */,
			);
			name = InfoPlist.strings;
			sourceTree = "<group>";
		};
/* End PBXVariantGroup section */

/* Begin XCBuildConfiguration section */
		B960FBFB1999274A00F2831E /* Debug */ = {
			isa = XCBuildConfiguration;
			buildSettings = {
				ALWAYS_SEARCH_USER_PATHS = NO;
				CLANG_CXX_LANGUAGE_STANDARD = "gnu++0x";
				CLANG_CXX_LIBRARY = "libc++";
				CLANG_ENABLE_MODULES = YES;
				CLANG_ENABLE_OBJC_ARC = YES;
				CLANG_WARN_BOOL_CONVERSION = YES;
				CLANG_WARN_CONSTANT_CONVERSION = YES;
				CLANG_WARN_DIRECT_OBJC_ISA_USAGE = YES_ERROR;
				CLANG_WARN_EMPTY_BODY = YES;
				CLANG_WARN_ENUM_CONVERSION = YES;
				CLANG_WARN_INT_CONVERSION = YES;
				CLANG_WARN_OBJC_ROOT_CLASS = YES_ERROR;
				CLANG_WARN__DUPLICATE_METHOD_MATCH = YES;
				"CODE_SIGN_IDENTITY[sdk=iphoneos*]" = "iPhone Developer";
				COPY_PHASE_STRIP = NO;
				GCC_C_LANGUAGE_STANDARD = gnu99;
				GCC_DYNAMIC_NO_PIC = NO;
				GCC_OPTIMIZATION_LEVEL = 0;
				GCC_PREPROCESSOR_DEFINITIONS = (
					"DEBUG=1",
					"$(inherited)",
				);
				GCC_SYMBOLS_PRIVATE_EXTERN = NO;
				GCC_WARN_64_TO_32_BIT_CONVERSION = YES;
				GCC_WARN_ABOUT_RETURN_TYPE = YES_ERROR;
				GCC_WARN_UNDECLARED_SELECTOR = YES;
				GCC_WARN_UNINITIALIZED_AUTOS = YES_AGGRESSIVE;
				GCC_WARN_UNUSED_FUNCTION = YES;
				GCC_WARN_UNUSED_VARIABLE = YES;
				IPHONEOS_DEPLOYMENT_TARGET = 7.1;
				ONLY_ACTIVE_ARCH = YES;
				SDKROOT = iphoneos;
			};
			name = Debug;
		};
		B960FBFC1999274A00F2831E /* Release */ = {
			isa = XCBuildConfiguration;
			buildSettings = {
				ALWAYS_SEARCH_USER_PATHS = NO;
				CLANG_CXX_LANGUAGE_STANDARD = "gnu++0x";
				CLANG_CXX_LIBRARY = "libc++";
				CLANG_ENABLE_MODULES = YES;
				CLANG_ENABLE_OBJC_ARC = YES;
				CLANG_WARN_BOOL_CONVERSION = YES;
				CLANG_WARN_CONSTANT_CONVERSION = YES;
				CLANG_WARN_DIRECT_OBJC_ISA_USAGE = YES_ERROR;
				CLANG_WARN_EMPTY_BODY = YES;
				CLANG_WARN_ENUM_CONVERSION = YES;
				CLANG_WARN_INT_CONVERSION = YES;
				CLANG_WARN_OBJC_ROOT_CLASS = YES_ERROR;
				CLANG_WARN__DUPLICATE_METHOD_MATCH = YES;
				"CODE_SIGN_IDENTITY[sdk=iphoneos*]" = "iPhone Developer";
				COPY_PHASE_STRIP = YES;
				ENABLE_NS_ASSERTIONS = NO;
				GCC_C_LANGUAGE_STANDARD = gnu99;
				GCC_WARN_64_TO_32_BIT_CONVERSION = YES;
				GCC_WARN_ABOUT_RETURN_TYPE = YES_ERROR;
				GCC_WARN_UNDECLARED_SELECTOR = YES;
				GCC_WARN_UNINITIALIZED_AUTOS = YES_AGGRESSIVE;
				GCC_WARN_UNUSED_FUNCTION = YES;
				GCC_WARN_UNUSED_VARIABLE = YES;
				IPHONEOS_DEPLOYMENT_TARGET = 7.1;
				SDKROOT = iphoneos;
				VALIDATE_PRODUCT = YES;
			};
			name = Release;
		};
		B960FBFE1999274A00F2831E /* Debug */ = {
			isa = XCBuildConfiguration;
			buildSettings = {
				ASSETCATALOG_COMPILER_APPICON_NAME = AppIcon;
				ASSETCATALOG_COMPILER_LAUNCHIMAGE_NAME = LaunchImage;
				GCC_PRECOMPILE_PREFIX_HEADER = YES;
				GCC_PREFIX_HEADER = "PKUnion/PKUnion-Prefix.pch";
				INFOPLIST_FILE = "PKUnion/PKUnion-Info.plist";
				LIBRARY_SEARCH_PATHS = (
					"$(inherited)",
					"$(PROJECT_DIR)/PKUnion/Libs/cocos2d-iphone/external/Chipmunk/msvc/glew/lib/Release/Win32",
					"$(PROJECT_DIR)/PKUnion/Libs/cocos2d-iphone/external/Chipmunk/msvc/glfw/lib-msvc100",
					"$(PROJECT_DIR)/PKUnion/Libs/cocos2d-iphone/external/Chipmunk/xcode/libGLEW/lib",
					"$(PROJECT_DIR)/PKUnion/Libs/cocos2d-iphone/external/Chipmunk/xcode/libglfw/lib",
				);
				PRODUCT_NAME = "$(TARGET_NAME)";
				WRAPPER_EXTENSION = app;
			};
			name = Debug;
		};
		B960FBFF1999274A00F2831E /* Release */ = {
			isa = XCBuildConfiguration;
			buildSettings = {
				ASSETCATALOG_COMPILER_APPICON_NAME = AppIcon;
				ASSETCATALOG_COMPILER_LAUNCHIMAGE_NAME = LaunchImage;
				GCC_PRECOMPILE_PREFIX_HEADER = YES;
				GCC_PREFIX_HEADER = "PKUnion/PKUnion-Prefix.pch";
				INFOPLIST_FILE = "PKUnion/PKUnion-Info.plist";
				LIBRARY_SEARCH_PATHS = (
					"$(inherited)",
					"$(PROJECT_DIR)/PKUnion/Libs/cocos2d-iphone/external/Chipmunk/msvc/glew/lib/Release/Win32",
					"$(PROJECT_DIR)/PKUnion/Libs/cocos2d-iphone/external/Chipmunk/msvc/glfw/lib-msvc100",
					"$(PROJECT_DIR)/PKUnion/Libs/cocos2d-iphone/external/Chipmunk/xcode/libGLEW/lib",
					"$(PROJECT_DIR)/PKUnion/Libs/cocos2d-iphone/external/Chipmunk/xcode/libglfw/lib",
				);
				PRODUCT_NAME = "$(TARGET_NAME)";
				WRAPPER_EXTENSION = app;
			};
			name = Release;
		};
		B960FC011999274A00F2831E /* Debug */ = {
			isa = XCBuildConfiguration;
			buildSettings = {
				BUNDLE_LOADER = "$(BUILT_PRODUCTS_DIR)/PKUnion.app/PKUnion";
				FRAMEWORK_SEARCH_PATHS = (
					"$(SDKROOT)/Developer/Library/Frameworks",
					"$(inherited)",
					"$(DEVELOPER_FRAMEWORKS_DIR)",
				);
				GCC_PRECOMPILE_PREFIX_HEADER = YES;
				GCC_PREFIX_HEADER = "PKUnion/PKUnion-Prefix.pch";
				GCC_PREPROCESSOR_DEFINITIONS = (
					"DEBUG=1",
					"$(inherited)",
				);
				INFOPLIST_FILE = "PKUnionTests/PKUnionTests-Info.plist";
				PRODUCT_NAME = "$(TARGET_NAME)";
				TEST_HOST = "$(BUNDLE_LOADER)";
				WRAPPER_EXTENSION = xctest;
			};
			name = Debug;
		};
		B960FC021999274A00F2831E /* Release */ = {
			isa = XCBuildConfiguration;
			buildSettings = {
				BUNDLE_LOADER = "$(BUILT_PRODUCTS_DIR)/PKUnion.app/PKUnion";
				FRAMEWORK_SEARCH_PATHS = (
					"$(SDKROOT)/Developer/Library/Frameworks",
					"$(inherited)",
					"$(DEVELOPER_FRAMEWORKS_DIR)",
				);
				GCC_PRECOMPILE_PREFIX_HEADER = YES;
				GCC_PREFIX_HEADER = "PKUnion/PKUnion-Prefix.pch";
				INFOPLIST_FILE = "PKUnionTests/PKUnionTests-Info.plist";
				PRODUCT_NAME = "$(TARGET_NAME)";
				TEST_HOST = "$(BUNDLE_LOADER)";
				WRAPPER_EXTENSION = xctest;
			};
			name = Release;
		};
/* End XCBuildConfiguration section */

/* Begin XCConfigurationList section */
		B960FBC61999274A00F2831E /* Build configuration list for PBXProject "PKUnion" */ = {
			isa = XCConfigurationList;
			buildConfigurations = (
				B960FBFB1999274A00F2831E /* Debug */,
				B960FBFC1999274A00F2831E /* Release */,
			);
			defaultConfigurationIsVisible = 0;
			defaultConfigurationName = Release;
		};
		B960FBFD1999274A00F2831E /* Build configuration list for PBXNativeTarget "PKUnion" */ = {
			isa = XCConfigurationList;
			buildConfigurations = (
				B960FBFE1999274A00F2831E /* Debug */,
				B960FBFF1999274A00F2831E /* Release */,
			);
			defaultConfigurationIsVisible = 0;
		};
		B960FC001999274A00F2831E /* Build configuration list for PBXNativeTarget "PKUnionTests" */ = {
			isa = XCConfigurationList;
			buildConfigurations = (
				B960FC011999274A00F2831E /* Debug */,
				B960FC021999274A00F2831E /* Release */,
			);
			defaultConfigurationIsVisible = 0;
		};
/* End XCConfigurationList section */

/* Begin XCVersionGroup section */
		B960023D1999277500F2831E /* PKUnion.xcdatamodeld */ = {
			isa = XCVersionGroup;
			children = (
				B960023E1999277500F2831E /* PKUnion.xcdatamodel */,
			);
			currentVersion = B960023E1999277500F2831E /* PKUnion.xcdatamodel */;
			path = PKUnion.xcdatamodeld;
			sourceTree = "<group>";
			versionGroupType = wrapper.xcdatamodel;
		};
/* End XCVersionGroup section */
	};
	rootObject = B960FBC31999274A00F2831E /* Project object */;
}
